<?xml version="1.0" encoding="utf-8"?>
<Project ToolsVersion="4.0" xmlns="http://schemas.microsoft.com/developer/msbuild/2003">
  <ItemGroup>
    <Filter Include="Source Files">
      <UniqueIdentifier>{4FC737F1-C7A5-4376-A066-2A32D752A2FF}</UniqueIdentifier>
      <Extensions>cpp;c;cc;cxx;c++;cppm;ixx;def;odl;idl;hpj;bat;asm;asmx</Extensions>
    </Filter>
    <Filter Include="Header Files">
      <UniqueIdentifier>{93995380-89BD-4b04-88EB-625FBE52EBFB}</UniqueIdentifier>
      <Extensions>h;hh;hpp;hxx;h++;hm;inl;inc;ipp;xsd</Extensions>
    </Filter>
    <Filter Include="Resource Files">
      <UniqueIdentifier>{67DA6AB6-F800-4c08-8B7A-83BB121AAD01}</UniqueIdentifier>
      <Extensions>rc;ico;cur;bmp;dlg;rc2;rct;bin;rgs;gif;jpg;jpeg;jpe;resx;tiff;tif;png;wav;mfcribbon-ms</Extensions>
    </Filter>
  </ItemGroup>
  <ItemGroup>
    <ClCompile Include="src\main.cpp">
      <Filter>Source Files</Filter>
    </ClCompile>
  </ItemGroup>
  <ItemGroup>
    <Media Include="assets\sound\leader_low.wav">
      <Filter>Resource Files</Filter>
    </Media>
    <Media Include="assets\sound\leader_high.wav">
      <Filter>Resource Files</Filter>
    </Media>
  </ItemGroup>
  <ItemGroup>
    <Image Include="assets\img\leader1.png">
      <Filter>Resource Files</Filter>
    </Image>
    <Image Include="assets\img\leader2.png">
      <Filter>Resource Files</Filter>
    </Image>
    <Image Include="assets\img\leader3.png">
      <Filter>Resource Files</Filter>
    </Image>
    <Image Include="assets\img\leader4.png">
      <Filter>Resource Files</Filter>
    </Image>
    <Image Include="assets\img\leader5.png">
      <Filter>Resource Files</Filter>
    </Image>
    <Image Include="assets\img\leader6.png">
      <Filter>Resource Files</Filter>
    </Image>
    <Image Include="assets\img\leader7.png">
      <Filter>Resource Files</Filter>
    </Image>
    <Image Include="assets\img\leader8.png">
      <Filter>Resource Files</Filter>
    </Image>
    <Image Include="assets\img\leader9.png">
      <Filter>Resource Files</Filter>
    </Image>
    <Image Include="assets\img\leader10.png">
      <Filter>Resource Files</Filter>
    </Image>
    <Image Include="assets\img\leader11.png">
      <Filter>Resource Files</Filter>
    </Image>
  </ItemGroup>
  <ItemGroup>
    <None Include="assets\fx\glitch.glsl" />
    <None Include="assets\fx\identity.glsl" />
    <None Include="assets\fx\uv.glsl" />
    <None Include="assets\fx\rgb_ht.glsl" />
    <None Include="assets\fx\ascii.glsl" />
    <None Include="assets\fx\cmyk_ht.glsl" />
    <None Include="assets\fx\crt.glsl" />
    <None Include="assets\fx\rainbow_sobel.glsl" />
    <None Include="assets\fx\mlv.glsl" />
    <None Include="assets\fx\crosshatch.glsl" />
  </ItemGroup>
</Project>