<?xml version="1.0" encoding="utf-8"?>
<Project ToolsVersion="4.0" xmlns="http://schemas.microsoft.com/developer/msbuild/2003">
  <ItemGroup>
    <Filter Include="Source Files">
      <UniqueIdentifier>{4FC737F1-C7A5-4376-A066-2A32D752A2FF}</UniqueIdentifier>
      <Extensions>cpp;c;cc;cxx;c++;cppm;ixx;def;odl;idl;hpj;bat;asm;asmx</Extensions>
    </Filter>
    <Filter Include="Header Files">
      <UniqueIdentifier>{93995380-89BD-4b04-88EB-625FBE52EBFB}</UniqueIdentifier>
      <Extensions>h;hh;hpp;hxx;h++;hm;inl;inc;ipp;xsd</Extensions>
    </Filter>
    <Filter Include="Resource Files">
      <UniqueIdentifier>{67DA6AB6-F800-4c08-8B7A-83BB121AAD01}</UniqueIdentifier>
      <Extensions>rc;ico;cur;bmp;dlg;rc2;rct;bin;rgs;gif;jpg;jpeg;jpe;resx;tiff;tif;png;wav;mfcribbon-ms</Extensions>
    </Filter>
  </ItemGroup>
  <ItemGroup>
    <ClCompile Include="src\main.cpp">
      <Filter>Source Files</Filter>
    </ClCompile>
  </ItemGroup>
  <ItemGroup>
    <ClInclude Include="src\vehicle.h">
      <Filter>Header Files</Filter>
    </ClInclude>
  </ItemGroup>
  <ItemGroup>
    <Image Include="assets\upper\z.png">
      <Filter>Resource Files</Filter>
    </Image>
    <Image Include="assets\upper\a.png">
      <Filter>Resource Files</Filter>
    </Image>
    <Image Include="assets\upper\b.png">
      <Filter>Resource Files</Filter>
    </Image>
    <Image Include="assets\upper\c.png">
      <Filter>Resource Files</Filter>
    </Image>
    <Image Include="assets\upper\d.png">
      <Filter>Resource Files</Filter>
    </Image>
    <Image Include="assets\upper\e.png">
      <Filter>Resource Files</Filter>
    </Image>
    <Image Include="assets\upper\f.png">
      <Filter>Resource Files</Filter>
    </Image>
    <Image Include="assets\upper\g.png">
      <Filter>Resource Files</Filter>
    </Image>
    <Image Include="assets\upper\h.png">
      <Filter>Resource Files</Filter>
    </Image>
    <Image Include="assets\upper\i.png">
      <Filter>Resource Files</Filter>
    </Image>
    <Image Include="assets\upper\j.png">
      <Filter>Resource Files</Filter>
    </Image>
    <Image Include="assets\upper\k.png">
      <Filter>Resource Files</Filter>
    </Image>
    <Image Include="assets\upper\l.png">
      <Filter>Resource Files</Filter>
    </Image>
    <Image Include="assets\upper\m.png">
      <Filter>Resource Files</Filter>
    </Image>
    <Image Include="assets\upper\n.png">
      <Filter>Resource Files</Filter>
    </Image>
    <Image Include="assets\upper\o.png">
      <Filter>Resource Files</Filter>
    </Image>
    <Image Include="assets\upper\p.png">
      <Filter>Resource Files</Filter>
    </Image>
    <Image Include="assets\upper\q.png">
      <Filter>Resource Files</Filter>
    </Image>
    <Image Include="assets\upper\r.png">
      <Filter>Resource Files</Filter>
    </Image>
    <Image Include="assets\upper\s.png">
      <Filter>Resource Files</Filter>
    </Image>
    <Image Include="assets\upper\t.png">
      <Filter>Resource Files</Filter>
    </Image>
    <Image Include="assets\upper\u.png">
      <Filter>Resource Files</Filter>
    </Image>
    <Image Include="assets\upper\v.png">
      <Filter>Resource Files</Filter>
    </Image>
    <Image Include="assets\upper\w.png">
      <Filter>Resource Files</Filter>
    </Image>
    <Image Include="assets\upper\x.png">
      <Filter>Resource Files</Filter>
    </Image>
    <Image Include="assets\upper\y.png">
      <Filter>Resource Files</Filter>
    </Image>
    <Image Include="assets\lower\z.png">
      <Filter>Resource Files</Filter>
    </Image>
    <Image Include="assets\lower\a.png">
      <Filter>Resource Files</Filter>
    </Image>
    <Image Include="assets\lower\b.png">
      <Filter>Resource Files</Filter>
    </Image>
    <Image Include="assets\lower\c.png">
      <Filter>Resource Files</Filter>
    </Image>
    <Image Include="assets\lower\d.png">
      <Filter>Resource Files</Filter>
    </Image>
    <Image Include="assets\lower\e.png">
      <Filter>Resource Files</Filter>
    </Image>
    <Image Include="assets\lower\f.png">
      <Filter>Resource Files</Filter>
    </Image>
    <Image Include="assets\lower\g.png">
      <Filter>Resource Files</Filter>
    </Image>
    <Image Include="assets\lower\h.png">
      <Filter>Resource Files</Filter>
    </Image>
    <Image Include="assets\lower\i.png">
      <Filter>Resource Files</Filter>
    </Image>
    <Image Include="assets\lower\j.png">
      <Filter>Resource Files</Filter>
    </Image>
    <Image Include="assets\lower\k.png">
      <Filter>Resource Files</Filter>
    </Image>
    <Image Include="assets\lower\l.png">
      <Filter>Resource Files</Filter>
    </Image>
    <Image Include="assets\lower\m.png">
      <Filter>Resource Files</Filter>
    </Image>
    <Image Include="assets\lower\n.png">
      <Filter>Resource Files</Filter>
    </Image>
    <Image Include="assets\lower\o.png">
      <Filter>Resource Files</Filter>
    </Image>
    <Image Include="assets\lower\p.png">
      <Filter>Resource Files</Filter>
    </Image>
    <Image Include="assets\lower\q.png">
      <Filter>Resource Files</Filter>
    </Image>
    <Image Include="assets\lower\r.png">
      <Filter>Resource Files</Filter>
    </Image>
    <Image Include="assets\lower\s.png">
      <Filter>Resource Files</Filter>
    </Image>
    <Image Include="assets\lower\t.png">
      <Filter>Resource Files</Filter>
    </Image>
    <Image Include="assets\lower\u.png">
      <Filter>Resource Files</Filter>
    </Image>
    <Image Include="assets\lower\v.png">
      <Filter>Resource Files</Filter>
    </Image>
    <Image Include="assets\lower\w.png">
      <Filter>Resource Files</Filter>
    </Image>
    <Image Include="assets\lower\x.png">
      <Filter>Resource Files</Filter>
    </Image>
    <Image Include="assets\lower\y.png">
      <Filter>Resource Files</Filter>
    </Image>
    <Image Include="assets\digit\9.png">
      <Filter>Resource Files</Filter>
    </Image>
    <Image Include="assets\digit\0.png">
      <Filter>Resource Files</Filter>
    </Image>
    <Image Include="assets\digit\1.png">
      <Filter>Resource Files</Filter>
    </Image>
    <Image Include="assets\digit\2.png">
      <Filter>Resource Files</Filter>
    </Image>
    <Image Include="assets\digit\3.png">
      <Filter>Resource Files</Filter>
    </Image>
    <Image Include="assets\digit\4.png">
      <Filter>Resource Files</Filter>
    </Image>
    <Image Include="assets\digit\5.png">
      <Filter>Resource Files</Filter>
    </Image>
    <Image Include="assets\digit\6.png">
      <Filter>Resource Files</Filter>
    </Image>
    <Image Include="assets\digit\7.png">
      <Filter>Resource Files</Filter>
    </Image>
    <Image Include="assets\digit\8.png">
      <Filter>Resource Files</Filter>
    </Image>
    <Image Include="assets\ascii\126.png">
      <Filter>Resource Files</Filter>
    </Image>
    <Image Include="assets\ascii\33.png">
      <Filter>Resource Files</Filter>
    </Image>
    <Image Include="assets\ascii\34.png">
      <Filter>Resource Files</Filter>
    </Image>
    <Image Include="assets\ascii\35.png">
      <Filter>Resource Files</Filter>
    </Image>
    <Image Include="assets\ascii\36.png">
      <Filter>Resource Files</Filter>
    </Image>
    <Image Include="assets\ascii\37.png">
      <Filter>Resource Files</Filter>
    </Image>
    <Image Include="assets\ascii\38.png">
      <Filter>Resource Files</Filter>
    </Image>
    <Image Include="assets\ascii\39.png">
      <Filter>Resource Files</Filter>
    </Image>
    <Image Include="assets\ascii\40.png">
      <Filter>Resource Files</Filter>
    </Image>
    <Image Include="assets\ascii\41.png">
      <Filter>Resource Files</Filter>
    </Image>
    <Image Include="assets\ascii\42.png">
      <Filter>Resource Files</Filter>
    </Image>
    <Image Include="assets\ascii\43.png">
      <Filter>Resource Files</Filter>
    </Image>
    <Image Include="assets\ascii\44.png">
      <Filter>Resource Files</Filter>
    </Image>
    <Image Include="assets\ascii\45.png">
      <Filter>Resource Files</Filter>
    </Image>
    <Image Include="assets\ascii\46.png">
      <Filter>Resource Files</Filter>
    </Image>
    <Image Include="assets\ascii\47.png">
      <Filter>Resource Files</Filter>
    </Image>
    <Image Include="assets\ascii\48.png">
      <Filter>Resource Files</Filter>
    </Image>
    <Image Include="assets\ascii\49.png">
      <Filter>Resource Files</Filter>
    </Image>
    <Image Include="assets\ascii\50.png">
      <Filter>Resource Files</Filter>
    </Image>
    <Image Include="assets\ascii\51.png">
      <Filter>Resource Files</Filter>
    </Image>
    <Image Include="assets\ascii\52.png">
      <Filter>Resource Files</Filter>
    </Image>
    <Image Include="assets\ascii\53.png">
      <Filter>Resource Files</Filter>
    </Image>
    <Image Include="assets\ascii\54.png">
      <Filter>Resource Files</Filter>
    </Image>
    <Image Include="assets\ascii\55.png">
      <Filter>Resource Files</Filter>
    </Image>
    <Image Include="assets\ascii\56.png">
      <Filter>Resource Files</Filter>
    </Image>
    <Image Include="assets\ascii\57.png">
      <Filter>Resource Files</Filter>
    </Image>
    <Image Include="assets\ascii\58.png">
      <Filter>Resource Files</Filter>
    </Image>
    <Image Include="assets\ascii\59.png">
      <Filter>Resource Files</Filter>
    </Image>
    <Image Include="assets\ascii\60.png">
      <Filter>Resource Files</Filter>
    </Image>
    <Image Include="assets\ascii\61.png">
      <Filter>Resource Files</Filter>
    </Image>
    <Image Include="assets\ascii\62.png">
      <Filter>Resource Files</Filter>
    </Image>
    <Image Include="assets\ascii\63.png">
      <Filter>Resource Files</Filter>
    </Image>
    <Image Include="assets\ascii\64.png">
      <Filter>Resource Files</Filter>
    </Image>
    <Image Include="assets\ascii\65.png">
      <Filter>Resource Files</Filter>
    </Image>
    <Image Include="assets\ascii\66.png">
      <Filter>Resource Files</Filter>
    </Image>
    <Image Include="assets\ascii\67.png">
      <Filter>Resource Files</Filter>
    </Image>
    <Image Include="assets\ascii\68.png">
      <Filter>Resource Files</Filter>
    </Image>
    <Image Include="assets\ascii\69.png">
      <Filter>Resource Files</Filter>
    </Image>
    <Image Include="assets\ascii\70.png">
      <Filter>Resource Files</Filter>
    </Image>
    <Image Include="assets\ascii\71.png">
      <Filter>Resource Files</Filter>
    </Image>
    <Image Include="assets\ascii\72.png">
      <Filter>Resource Files</Filter>
    </Image>
    <Image Include="assets\ascii\73.png">
      <Filter>Resource Files</Filter>
    </Image>
    <Image Include="assets\ascii\74.png">
      <Filter>Resource Files</Filter>
    </Image>
    <Image Include="assets\ascii\75.png">
      <Filter>Resource Files</Filter>
    </Image>
    <Image Include="assets\ascii\76.png">
      <Filter>Resource Files</Filter>
    </Image>
    <Image Include="assets\ascii\77.png">
      <Filter>Resource Files</Filter>
    </Image>
    <Image Include="assets\ascii\78.png">
      <Filter>Resource Files</Filter>
    </Image>
    <Image Include="assets\ascii\79.png">
      <Filter>Resource Files</Filter>
    </Image>
    <Image Include="assets\ascii\80.png">
      <Filter>Resource Files</Filter>
    </Image>
    <Image Include="assets\ascii\81.png">
      <Filter>Resource Files</Filter>
    </Image>
    <Image Include="assets\ascii\82.png">
      <Filter>Resource Files</Filter>
    </Image>
    <Image Include="assets\ascii\83.png">
      <Filter>Resource Files</Filter>
    </Image>
    <Image Include="assets\ascii\84.png">
      <Filter>Resource Files</Filter>
    </Image>
    <Image Include="assets\ascii\85.png">
      <Filter>Resource Files</Filter>
    </Image>
    <Image Include="assets\ascii\86.png">
      <Filter>Resource Files</Filter>
    </Image>
    <Image Include="assets\ascii\87.png">
      <Filter>Resource Files</Filter>
    </Image>
    <Image Include="assets\ascii\88.png">
      <Filter>Resource Files</Filter>
    </Image>
    <Image Include="assets\ascii\89.png">
      <Filter>Resource Files</Filter>
    </Image>
    <Image Include="assets\ascii\90.png">
      <Filter>Resource Files</Filter>
    </Image>
    <Image Include="assets\ascii\91.png">
      <Filter>Resource Files</Filter>
    </Image>
    <Image Include="assets\ascii\92.png">
      <Filter>Resource Files</Filter>
    </Image>
    <Image Include="assets\ascii\93.png">
      <Filter>Resource Files</Filter>
    </Image>
    <Image Include="assets\ascii\94.png">
      <Filter>Resource Files</Filter>
    </Image>
    <Image Include="assets\ascii\95.png">
      <Filter>Resource Files</Filter>
    </Image>
    <Image Include="assets\ascii\96.png">
      <Filter>Resource Files</Filter>
    </Image>
    <Image Include="assets\ascii\97.png">
      <Filter>Resource Files</Filter>
    </Image>
    <Image Include="assets\ascii\98.png">
      <Filter>Resource Files</Filter>
    </Image>
    <Image Include="assets\ascii\99.png">
      <Filter>Resource Files</Filter>
    </Image>
    <Image Include="assets\ascii\100.png">
      <Filter>Resource Files</Filter>
    </Image>
    <Image Include="assets\ascii\101.png">
      <Filter>Resource Files</Filter>
    </Image>
    <Image Include="assets\ascii\102.png">
      <Filter>Resource Files</Filter>
    </Image>
    <Image Include="assets\ascii\103.png">
      <Filter>Resource Files</Filter>
    </Image>
    <Image Include="assets\ascii\104.png">
      <Filter>Resource Files</Filter>
    </Image>
    <Image Include="assets\ascii\105.png">
      <Filter>Resource Files</Filter>
    </Image>
    <Image Include="assets\ascii\106.png">
      <Filter>Resource Files</Filter>
    </Image>
    <Image Include="assets\ascii\107.png">
      <Filter>Resource Files</Filter>
    </Image>
    <Image Include="assets\ascii\108.png">
      <Filter>Resource Files</Filter>
    </Image>
    <Image Include="assets\ascii\109.png">
      <Filter>Resource Files</Filter>
    </Image>
    <Image Include="assets\ascii\110.png">
      <Filter>Resource Files</Filter>
    </Image>
    <Image Include="assets\ascii\111.png">
      <Filter>Resource Files</Filter>
    </Image>
    <Image Include="assets\ascii\112.png">
      <Filter>Resource Files</Filter>
    </Image>
    <Image Include="assets\ascii\113.png">
      <Filter>Resource Files</Filter>
    </Image>
    <Image Include="assets\ascii\114.png">
      <Filter>Resource Files</Filter>
    </Image>
    <Image Include="assets\ascii\115.png">
      <Filter>Resource Files</Filter>
    </Image>
    <Image Include="assets\ascii\116.png">
      <Filter>Resource Files</Filter>
    </Image>
    <Image Include="assets\ascii\117.png">
      <Filter>Resource Files</Filter>
    </Image>
    <Image Include="assets\ascii\118.png">
      <Filter>Resource Files</Filter>
    </Image>
    <Image Include="assets\ascii\119.png">
      <Filter>Resource Files</Filter>
    </Image>
    <Image Include="assets\ascii\120.png">
      <Filter>Resource Files</Filter>
    </Image>
    <Image Include="assets\ascii\121.png">
      <Filter>Resource Files</Filter>
    </Image>
    <Image Include="assets\ascii\122.png">
      <Filter>Resource Files</Filter>
    </Image>
    <Image Include="assets\ascii\123.png">
      <Filter>Resource Files</Filter>
    </Image>
    <Image Include="assets\ascii\124.png">
      <Filter>Resource Files</Filter>
    </Image>
    <Image Include="assets\ascii\125.png">
      <Filter>Resource Files</Filter>
    </Image>
    <Image Include="assets\rainbow.png">
      <Filter>Resource Files</Filter>
    </Image>
  </ItemGroup>
</Project>