<?xml version="1.0" encoding="utf-8"?>
<Project ToolsVersion="4.0" xmlns="http://schemas.microsoft.com/developer/msbuild/2003">
  <ItemGroup>
    <Filter Include="Source Files">
      <UniqueIdentifier>{4FC737F1-C7A5-4376-A066-2A32D752A2FF}</UniqueIdentifier>
      <Extensions>cpp;c;cc;cxx;c++;cppm;ixx;def;odl;idl;hpj;bat;asm;asmx</Extensions>
    </Filter>
    <Filter Include="Header Files">
      <UniqueIdentifier>{93995380-89BD-4b04-88EB-625FBE52EBFB}</UniqueIdentifier>
      <Extensions>h;hh;hpp;hxx;h++;hm;inl;inc;ipp;xsd</Extensions>
    </Filter>
    <Filter Include="Resource Files">
      <UniqueIdentifier>{67DA6AB6-F800-4c08-8B7A-83BB121AAD01}</UniqueIdentifier>
      <Extensions>rc;ico;cur;bmp;dlg;rc2;rct;bin;rgs;gif;jpg;jpeg;jpe;resx;tiff;tif;png;wav;mfcribbon-ms</Extensions>
    </Filter>
  </ItemGroup>
  <ItemGroup>
    <ClCompile Include="src\main.cpp">
      <Filter>Source Files</Filter>
    </ClCompile>
  </ItemGroup>
  <ItemGroup>
    <ClInclude Include="src\bone.h">
      <Filter>Header Files</Filter>
    </ClInclude>
    <ClInclude Include="src\armature.h">
      <Filter>Header Files</Filter>
    </ClInclude>
    <ClInclude Include="src\slider.h">
      <Filter>Header Files</Filter>
    </ClInclude>
    <ClInclude Include="src\pose.h">
      <Filter>Header Files</Filter>
    </ClInclude>
  </ItemGroup>
  <ItemGroup>
    <None Include="assets\frames\frame1.arm" />
    <None Include="assets\frames\frame2.arm" />
    <None Include="assets\frames\frame3.arm" />
    <None Include="assets\frames\frame4.arm" />
    <None Include="assets\frames\frame5.arm" />
    <None Include="assets\frames\frame6.arm" />
    <None Include="assets\frames\frame7.arm" />
    <None Include="assets\frames\frame8.arm" />
    <None Include="assets\frames\frame9.arm" />
    <None Include="assets\frames\frame10.arm" />
    <None Include="assets\frames\frame11.arm" />
    <None Include="assets\frames\frame12.arm" />
    <None Include="assets\frames\frame13.arm" />
    <None Include="assets\frames\frame14.arm" />
    <None Include="assets\frames\frame15.arm" />
    <None Include="assets\frames\frame16.arm" />
    <None Include="assets\frames\frame17.arm" />
    <None Include="assets\frames\frame18.arm" />
    <None Include="assets\frames\frame19.arm" />
    <None Include="assets\frames\frame20.arm" />
    <None Include="assets\knight\frames\frame1.pose" />
    <None Include="assets\knight\frames\frame2.pose" />
    <None Include="assets\knight\frames\frame3.pose" />
    <None Include="assets\knight\frames\frame4.pose" />
    <None Include="assets\knight\frames\frame5.pose" />
    <None Include="assets\knight\frames\frame6.pose" />
    <None Include="assets\knight\frames\frame7.pose" />
    <None Include="assets\knight\frames\frame8.pose" />
    <None Include="assets\knight\frames\frame9.pose" />
    <None Include="assets\knight\frames\frame10.pose" />
    <None Include="assets\knight\frames\frame11.pose" />
    <None Include="assets\knight\frames\frame12.pose" />
    <None Include="assets\knight\frames\frame13.pose" />
    <None Include="assets\knight\frames\frame14.pose" />
    <None Include="assets\knight\frames\frame15.pose" />
    <None Include="assets\knight\frames\frame16.pose" />
    <None Include="assets\knight\frames\frame17.pose" />
    <None Include="assets\knight\frames\frame18.pose" />
    <None Include="assets\knight\frames\frame19.pose" />
    <None Include="assets\knight\frames\frame20.pose" />
    <None Include="assets\knight\bones.arm" />
  </ItemGroup>
  <ItemGroup>
    <Text Include="assets\knight\vertex_weights.txt" />
    <Text Include="assets\knight\model.txt" />
  </ItemGroup>
</Project>