
Microsoft Visual Studio Solution File, Format Version 12.00
# Visual Studio Version 17
VisualStudioVersion = 17.10.35122.118
MinimumVisualStudioVersion = 10.0.40219.1
Project("{8BC9CEB8-8B4A-11D0-8D11-00A0C91BC942}") = "voxels", "voxels\voxels.vcxproj", "{8D4842FA-C059-4F5F-AE33-1E35F53BDB25}"
EndProject
Project("{8BC9CEB8-8B4A-11D0-8D11-00A0C91BC942}") = "pixels", "pixels\pixels.vcxproj", "{F218F667-B3BA-4E1E-A07C-6FE9119791C7}"
EndProject
Project("{8BC9CEB8-8B4A-11D0-8D11-00A0C91BC942}") = "fruit_ninja", "fruit_ninja\fruit_ninja.vcxproj", "{D1F28438-6335-4147-80B5-D8CC208D94AA}"
EndProject
Project("{8BC9CEB8-8B4A-11D0-8D11-00A0C91BC942}") = "a_star_nav", "a_star_nav\a_star_nav.vcxproj", "{D25C9837-5A80-493C-805F-B218A0649DC0}"
EndProject
Project("{8BC9CEB8-8B4A-11D0-8D11-00A0C91BC942}") = "terraria_clone", "terraria_clone\terraria_clone.vcxproj", "{A9423443-997B-4A68-B79D-D3ABA4EBF3F2}"
EndProject
Project("{8BC9CEB8-8B4A-11D0-8D11-00A0C91BC942}") = "rigid_bodies", "rigid_bodies\rigid_bodies.vcxproj", "{C657A84B-74FF-4C94-8DE0-9C821A35F46F}"
EndProject
Project("{8BC9CEB8-8B4A-11D0-8D11-00A0C91BC942}") = "testing", "testing\testing.vcxproj", "{ABF008F1-BF34-494F-B85B-8EA15F08ECC3}"
EndProject
Project("{8BC9CEB8-8B4A-11D0-8D11-00A0C91BC942}") = "procedural_audio", "procedural_audio\procedural_audio.vcxproj", "{A1694FF2-93CA-4BDE-B6BE-E7292BA816A1}"
EndProject
Project("{8BC9CEB8-8B4A-11D0-8D11-00A0C91BC942}") = "raycasting", "raycasting\raycasting.vcxproj", "{9108DB91-7166-4A96-92ED-195B87A9C28C}"
EndProject
Project("{8BC9CEB8-8B4A-11D0-8D11-00A0C91BC942}") = "shaders", "shaders\shaders.vcxproj", "{9A2AE462-9A36-4DA9-AF16-0A29D279CE39}"
EndProject
Project("{8BC9CEB8-8B4A-11D0-8D11-00A0C91BC942}") = "clock", "clock\clock.vcxproj", "{568956BF-94D6-4842-9402-9CF4D487FAB4}"
EndProject
Project("{8BC9CEB8-8B4A-11D0-8D11-00A0C91BC942}") = "wordle", "wordle\wordle.vcxproj", "{D15D3205-8F2F-4F66-B1E4-0FFBD73C4F5C}"
EndProject
Project("{8BC9CEB8-8B4A-11D0-8D11-00A0C91BC942}") = "jelly_car_clone", "jelly_car_clone\jelly_car_clone.vcxproj", "{76C96CB8-D0DA-48CA-AC21-EB0AC9A42B4B}"
EndProject
Project("{8BC9CEB8-8B4A-11D0-8D11-00A0C91BC942}") = "eulerian_fluid", "eulerian_fluid\eulerian_fluid.vcxproj", "{BCFD2C26-3DC9-479A-AB79-A7307BD25BEB}"
EndProject
Project("{8BC9CEB8-8B4A-11D0-8D11-00A0C91BC942}") = "sudoku", "sudoku\sudoku.vcxproj", "{E0CC66BA-D24C-4912-82FD-05632E75FA2A}"
EndProject
Project("{8BC9CEB8-8B4A-11D0-8D11-00A0C91BC942}") = "particles", "particles\particles.vcxproj", "{B1D469E1-20B1-4C31-A10F-878FFAE999C6}"
EndProject
Project("{8BC9CEB8-8B4A-11D0-8D11-00A0C91BC942}") = "smoke", "smoke\smoke.vcxproj", "{1FEF7D87-3800-4B9B-8FD6-B1CC8B0A7B62}"
EndProject
Project("{8BC9CEB8-8B4A-11D0-8D11-00A0C91BC942}") = "inverse_kinematics", "inverse_kinematics\inverse_kinematics.vcxproj", "{17235609-422C-4602-87C0-C17A1A729487}"
EndProject
Project("{8BC9CEB8-8B4A-11D0-8D11-00A0C91BC942}") = "slicer", "slicer\slicer.vcxproj", "{B984500B-9EE2-42EB-99FE-E03803F72825}"
EndProject
Project("{8BC9CEB8-8B4A-11D0-8D11-00A0C91BC942}") = "block_craft", "block_craft\block_craft.vcxproj", "{D56B8357-428D-4789-ACBB-6E42FAE5BEC1}"
EndProject
Project("{8BC9CEB8-8B4A-11D0-8D11-00A0C91BC942}") = "targetting", "targetting\targetting.vcxproj", "{3F47E737-0AB9-4FB1-B8BF-50C60C188620}"
EndProject
Project("{8BC9CEB8-8B4A-11D0-8D11-00A0C91BC942}") = "cloth", "cloth\cloth.vcxproj", "{73BF86FB-41DB-405C-927E-B2F6737A9BF1}"
EndProject
Project("{8BC9CEB8-8B4A-11D0-8D11-00A0C91BC942}") = "3d_builder", "3d_builder\3d_builder.vcxproj", "{4E60B02F-6EF6-4EA9-BD60-321AF9AB5C10}"
EndProject
Project("{8BC9CEB8-8B4A-11D0-8D11-00A0C91BC942}") = "fracture", "fracture\fracture.vcxproj", "{134F8EC1-508E-4C94-9674-D6B9541D387A}"
EndProject
Project("{8BC9CEB8-8B4A-11D0-8D11-00A0C91BC942}") = "3d_physics", "3d_physics\3d_physics.vcxproj", "{D1742974-008D-4184-B895-DB5C4E89DEAC}"
EndProject
Project("{8BC9CEB8-8B4A-11D0-8D11-00A0C91BC942}") = "marching_cubes", "marching_cubes\marching_cubes.vcxproj", "{F8276CF0-9E22-405D-B1AD-1C74D55C5897}"
EndProject
Project("{8BC9CEB8-8B4A-11D0-8D11-00A0C91BC942}") = "tracking", "tracking\tracking.vcxproj", "{5F8E9802-900A-47B2-A4C6-6E2AAA291827}"
EndProject
Global
	GlobalSection(SolutionConfigurationPlatforms) = preSolution
		Debug|x64 = Debug|x64
		Debug|x86 = Debug|x86
		Release|x64 = Release|x64
		Release|x86 = Release|x86
	EndGlobalSection
	GlobalSection(ProjectConfigurationPlatforms) = postSolution
		{8D4842FA-C059-4F5F-AE33-1E35F53BDB25}.Debug|x64.ActiveCfg = Debug|x64
		{8D4842FA-C059-4F5F-AE33-1E35F53BDB25}.Debug|x64.Build.0 = Debug|x64
		{8D4842FA-C059-4F5F-AE33-1E35F53BDB25}.Debug|x86.ActiveCfg = Debug|Win32
		{8D4842FA-C059-4F5F-AE33-1E35F53BDB25}.Debug|x86.Build.0 = Debug|Win32
		{8D4842FA-C059-4F5F-AE33-1E35F53BDB25}.Release|x64.ActiveCfg = Release|x64
		{8D4842FA-C059-4F5F-AE33-1E35F53BDB25}.Release|x64.Build.0 = Release|x64
		{8D4842FA-C059-4F5F-AE33-1E35F53BDB25}.Release|x86.ActiveCfg = Release|Win32
		{8D4842FA-C059-4F5F-AE33-1E35F53BDB25}.Release|x86.Build.0 = Release|Win32
		{F218F667-B3BA-4E1E-A07C-6FE9119791C7}.Debug|x64.ActiveCfg = Debug|x64
		{F218F667-B3BA-4E1E-A07C-6FE9119791C7}.Debug|x64.Build.0 = Debug|x64
		{F218F667-B3BA-4E1E-A07C-6FE9119791C7}.Debug|x86.ActiveCfg = Debug|Win32
		{F218F667-B3BA-4E1E-A07C-6FE9119791C7}.Debug|x86.Build.0 = Debug|Win32
		{F218F667-B3BA-4E1E-A07C-6FE9119791C7}.Release|x64.ActiveCfg = Release|x64
		{F218F667-B3BA-4E1E-A07C-6FE9119791C7}.Release|x64.Build.0 = Release|x64
		{F218F667-B3BA-4E1E-A07C-6FE9119791C7}.Release|x86.ActiveCfg = Release|Win32
		{F218F667-B3BA-4E1E-A07C-6FE9119791C7}.Release|x86.Build.0 = Release|Win32
		{D1F28438-6335-4147-80B5-D8CC208D94AA}.Debug|x64.ActiveCfg = Debug|x64
		{D1F28438-6335-4147-80B5-D8CC208D94AA}.Debug|x64.Build.0 = Debug|x64
		{D1F28438-6335-4147-80B5-D8CC208D94AA}.Debug|x86.ActiveCfg = Debug|Win32
		{D1F28438-6335-4147-80B5-D8CC208D94AA}.Debug|x86.Build.0 = Debug|Win32
		{D1F28438-6335-4147-80B5-D8CC208D94AA}.Release|x64.ActiveCfg = Release|x64
		{D1F28438-6335-4147-80B5-D8CC208D94AA}.Release|x64.Build.0 = Release|x64
		{D1F28438-6335-4147-80B5-D8CC208D94AA}.Release|x86.ActiveCfg = Release|Win32
		{D1F28438-6335-4147-80B5-D8CC208D94AA}.Release|x86.Build.0 = Release|Win32
		{D25C9837-5A80-493C-805F-B218A0649DC0}.Debug|x64.ActiveCfg = Debug|x64
		{D25C9837-5A80-493C-805F-B218A0649DC0}.Debug|x64.Build.0 = Debug|x64
		{D25C9837-5A80-493C-805F-B218A0649DC0}.Debug|x86.ActiveCfg = Debug|Win32
		{D25C9837-5A80-493C-805F-B218A0649DC0}.Debug|x86.Build.0 = Debug|Win32
		{D25C9837-5A80-493C-805F-B218A0649DC0}.Release|x64.ActiveCfg = Release|x64
		{D25C9837-5A80-493C-805F-B218A0649DC0}.Release|x64.Build.0 = Release|x64
		{D25C9837-5A80-493C-805F-B218A0649DC0}.Release|x86.ActiveCfg = Release|Win32
		{D25C9837-5A80-493C-805F-B218A0649DC0}.Release|x86.Build.0 = Release|Win32
		{A9423443-997B-4A68-B79D-D3ABA4EBF3F2}.Debug|x64.ActiveCfg = Debug|x64
		{A9423443-997B-4A68-B79D-D3ABA4EBF3F2}.Debug|x64.Build.0 = Debug|x64
		{A9423443-997B-4A68-B79D-D3ABA4EBF3F2}.Debug|x86.ActiveCfg = Debug|Win32
		{A9423443-997B-4A68-B79D-D3ABA4EBF3F2}.Debug|x86.Build.0 = Debug|Win32
		{A9423443-997B-4A68-B79D-D3ABA4EBF3F2}.Release|x64.ActiveCfg = Release|x64
		{A9423443-997B-4A68-B79D-D3ABA4EBF3F2}.Release|x64.Build.0 = Release|x64
		{A9423443-997B-4A68-B79D-D3ABA4EBF3F2}.Release|x86.ActiveCfg = Release|Win32
		{A9423443-997B-4A68-B79D-D3ABA4EBF3F2}.Release|x86.Build.0 = Release|Win32
		{C657A84B-74FF-4C94-8DE0-9C821A35F46F}.Debug|x64.ActiveCfg = Debug|x64
		{C657A84B-74FF-4C94-8DE0-9C821A35F46F}.Debug|x64.Build.0 = Debug|x64
		{C657A84B-74FF-4C94-8DE0-9C821A35F46F}.Debug|x86.ActiveCfg = Debug|Win32
		{C657A84B-74FF-4C94-8DE0-9C821A35F46F}.Debug|x86.Build.0 = Debug|Win32
		{C657A84B-74FF-4C94-8DE0-9C821A35F46F}.Release|x64.ActiveCfg = Release|x64
		{C657A84B-74FF-4C94-8DE0-9C821A35F46F}.Release|x64.Build.0 = Release|x64
		{C657A84B-74FF-4C94-8DE0-9C821A35F46F}.Release|x86.ActiveCfg = Release|Win32
		{C657A84B-74FF-4C94-8DE0-9C821A35F46F}.Release|x86.Build.0 = Release|Win32
		{ABF008F1-BF34-494F-B85B-8EA15F08ECC3}.Debug|x64.ActiveCfg = Debug|x64
		{ABF008F1-BF34-494F-B85B-8EA15F08ECC3}.Debug|x64.Build.0 = Debug|x64
		{ABF008F1-BF34-494F-B85B-8EA15F08ECC3}.Debug|x86.ActiveCfg = Debug|Win32
		{ABF008F1-BF34-494F-B85B-8EA15F08ECC3}.Debug|x86.Build.0 = Debug|Win32
		{ABF008F1-BF34-494F-B85B-8EA15F08ECC3}.Release|x64.ActiveCfg = Release|x64
		{ABF008F1-BF34-494F-B85B-8EA15F08ECC3}.Release|x64.Build.0 = Release|x64
		{ABF008F1-BF34-494F-B85B-8EA15F08ECC3}.Release|x86.ActiveCfg = Release|Win32
		{ABF008F1-BF34-494F-B85B-8EA15F08ECC3}.Release|x86.Build.0 = Release|Win32
		{A1694FF2-93CA-4BDE-B6BE-E7292BA816A1}.Debug|x64.ActiveCfg = Debug|x64
		{A1694FF2-93CA-4BDE-B6BE-E7292BA816A1}.Debug|x64.Build.0 = Debug|x64
		{A1694FF2-93CA-4BDE-B6BE-E7292BA816A1}.Debug|x86.ActiveCfg = Debug|Win32
		{A1694FF2-93CA-4BDE-B6BE-E7292BA816A1}.Debug|x86.Build.0 = Debug|Win32
		{A1694FF2-93CA-4BDE-B6BE-E7292BA816A1}.Release|x64.ActiveCfg = Release|x64
		{A1694FF2-93CA-4BDE-B6BE-E7292BA816A1}.Release|x64.Build.0 = Release|x64
		{A1694FF2-93CA-4BDE-B6BE-E7292BA816A1}.Release|x86.ActiveCfg = Release|Win32
		{A1694FF2-93CA-4BDE-B6BE-E7292BA816A1}.Release|x86.Build.0 = Release|Win32
		{9108DB91-7166-4A96-92ED-195B87A9C28C}.Debug|x64.ActiveCfg = Debug|x64
		{9108DB91-7166-4A96-92ED-195B87A9C28C}.Debug|x64.Build.0 = Debug|x64
		{9108DB91-7166-4A96-92ED-195B87A9C28C}.Debug|x86.ActiveCfg = Debug|Win32
		{9108DB91-7166-4A96-92ED-195B87A9C28C}.Debug|x86.Build.0 = Debug|Win32
		{9108DB91-7166-4A96-92ED-195B87A9C28C}.Release|x64.ActiveCfg = Release|x64
		{9108DB91-7166-4A96-92ED-195B87A9C28C}.Release|x64.Build.0 = Release|x64
		{9108DB91-7166-4A96-92ED-195B87A9C28C}.Release|x86.ActiveCfg = Release|Win32
		{9108DB91-7166-4A96-92ED-195B87A9C28C}.Release|x86.Build.0 = Release|Win32
		{9A2AE462-9A36-4DA9-AF16-0A29D279CE39}.Debug|x64.ActiveCfg = Debug|x64
		{9A2AE462-9A36-4DA9-AF16-0A29D279CE39}.Debug|x64.Build.0 = Debug|x64
		{9A2AE462-9A36-4DA9-AF16-0A29D279CE39}.Debug|x86.ActiveCfg = Debug|Win32
		{9A2AE462-9A36-4DA9-AF16-0A29D279CE39}.Debug|x86.Build.0 = Debug|Win32
		{9A2AE462-9A36-4DA9-AF16-0A29D279CE39}.Release|x64.ActiveCfg = Release|x64
		{9A2AE462-9A36-4DA9-AF16-0A29D279CE39}.Release|x64.Build.0 = Release|x64
		{9A2AE462-9A36-4DA9-AF16-0A29D279CE39}.Release|x86.ActiveCfg = Release|Win32
		{9A2AE462-9A36-4DA9-AF16-0A29D279CE39}.Release|x86.Build.0 = Release|Win32
		{568956BF-94D6-4842-9402-9CF4D487FAB4}.Debug|x64.ActiveCfg = Debug|x64
		{568956BF-94D6-4842-9402-9CF4D487FAB4}.Debug|x64.Build.0 = Debug|x64
		{568956BF-94D6-4842-9402-9CF4D487FAB4}.Debug|x86.ActiveCfg = Debug|Win32
		{568956BF-94D6-4842-9402-9CF4D487FAB4}.Debug|x86.Build.0 = Debug|Win32
		{568956BF-94D6-4842-9402-9CF4D487FAB4}.Release|x64.ActiveCfg = Release|x64
		{568956BF-94D6-4842-9402-9CF4D487FAB4}.Release|x64.Build.0 = Release|x64
		{568956BF-94D6-4842-9402-9CF4D487FAB4}.Release|x86.ActiveCfg = Release|Win32
		{568956BF-94D6-4842-9402-9CF4D487FAB4}.Release|x86.Build.0 = Release|Win32
		{D15D3205-8F2F-4F66-B1E4-0FFBD73C4F5C}.Debug|x64.ActiveCfg = Debug|x64
		{D15D3205-8F2F-4F66-B1E4-0FFBD73C4F5C}.Debug|x64.Build.0 = Debug|x64
		{D15D3205-8F2F-4F66-B1E4-0FFBD73C4F5C}.Debug|x86.ActiveCfg = Debug|Win32
		{D15D3205-8F2F-4F66-B1E4-0FFBD73C4F5C}.Debug|x86.Build.0 = Debug|Win32
		{D15D3205-8F2F-4F66-B1E4-0FFBD73C4F5C}.Release|x64.ActiveCfg = Release|x64
		{D15D3205-8F2F-4F66-B1E4-0FFBD73C4F5C}.Release|x64.Build.0 = Release|x64
		{D15D3205-8F2F-4F66-B1E4-0FFBD73C4F5C}.Release|x86.ActiveCfg = Release|Win32
		{D15D3205-8F2F-4F66-B1E4-0FFBD73C4F5C}.Release|x86.Build.0 = Release|Win32
		{76C96CB8-D0DA-48CA-AC21-EB0AC9A42B4B}.Debug|x64.ActiveCfg = Debug|x64
		{76C96CB8-D0DA-48CA-AC21-EB0AC9A42B4B}.Debug|x64.Build.0 = Debug|x64
		{76C96CB8-D0DA-48CA-AC21-EB0AC9A42B4B}.Debug|x86.ActiveCfg = Debug|Win32
		{76C96CB8-D0DA-48CA-AC21-EB0AC9A42B4B}.Debug|x86.Build.0 = Debug|Win32
		{76C96CB8-D0DA-48CA-AC21-EB0AC9A42B4B}.Release|x64.ActiveCfg = Release|x64
		{76C96CB8-D0DA-48CA-AC21-EB0AC9A42B4B}.Release|x64.Build.0 = Release|x64
		{76C96CB8-D0DA-48CA-AC21-EB0AC9A42B4B}.Release|x86.ActiveCfg = Release|Win32
		{76C96CB8-D0DA-48CA-AC21-EB0AC9A42B4B}.Release|x86.Build.0 = Release|Win32
		{BCFD2C26-3DC9-479A-AB79-A7307BD25BEB}.Debug|x64.ActiveCfg = Debug|x64
		{BCFD2C26-3DC9-479A-AB79-A7307BD25BEB}.Debug|x64.Build.0 = Debug|x64
		{BCFD2C26-3DC9-479A-AB79-A7307BD25BEB}.Debug|x86.ActiveCfg = Debug|Win32
		{BCFD2C26-3DC9-479A-AB79-A7307BD25BEB}.Debug|x86.Build.0 = Debug|Win32
		{BCFD2C26-3DC9-479A-AB79-A7307BD25BEB}.Release|x64.ActiveCfg = Release|x64
		{BCFD2C26-3DC9-479A-AB79-A7307BD25BEB}.Release|x64.Build.0 = Release|x64
		{BCFD2C26-3DC9-479A-AB79-A7307BD25BEB}.Release|x86.ActiveCfg = Release|Win32
		{BCFD2C26-3DC9-479A-AB79-A7307BD25BEB}.Release|x86.Build.0 = Release|Win32
		{E0CC66BA-D24C-4912-82FD-05632E75FA2A}.Debug|x64.ActiveCfg = Debug|x64
		{E0CC66BA-D24C-4912-82FD-05632E75FA2A}.Debug|x64.Build.0 = Debug|x64
		{E0CC66BA-D24C-4912-82FD-05632E75FA2A}.Debug|x86.ActiveCfg = Debug|Win32
		{E0CC66BA-D24C-4912-82FD-05632E75FA2A}.Debug|x86.Build.0 = Debug|Win32
		{E0CC66BA-D24C-4912-82FD-05632E75FA2A}.Release|x64.ActiveCfg = Release|x64
		{E0CC66BA-D24C-4912-82FD-05632E75FA2A}.Release|x64.Build.0 = Release|x64
		{E0CC66BA-D24C-4912-82FD-05632E75FA2A}.Release|x86.ActiveCfg = Release|Win32
		{E0CC66BA-D24C-4912-82FD-05632E75FA2A}.Release|x86.Build.0 = Release|Win32
		{B1D469E1-20B1-4C31-A10F-878FFAE999C6}.Debug|x64.ActiveCfg = Debug|x64
		{B1D469E1-20B1-4C31-A10F-878FFAE999C6}.Debug|x64.Build.0 = Debug|x64
		{B1D469E1-20B1-4C31-A10F-878FFAE999C6}.Debug|x86.ActiveCfg = Debug|Win32
		{B1D469E1-20B1-4C31-A10F-878FFAE999C6}.Debug|x86.Build.0 = Debug|Win32
		{B1D469E1-20B1-4C31-A10F-878FFAE999C6}.Release|x64.ActiveCfg = Release|x64
		{B1D469E1-20B1-4C31-A10F-878FFAE999C6}.Release|x64.Build.0 = Release|x64
		{B1D469E1-20B1-4C31-A10F-878FFAE999C6}.Release|x86.ActiveCfg = Release|Win32
		{B1D469E1-20B1-4C31-A10F-878FFAE999C6}.Release|x86.Build.0 = Release|Win32
		{1FEF7D87-3800-4B9B-8FD6-B1CC8B0A7B62}.Debug|x64.ActiveCfg = Debug|x64
		{1FEF7D87-3800-4B9B-8FD6-B1CC8B0A7B62}.Debug|x64.Build.0 = Debug|x64
		{1FEF7D87-3800-4B9B-8FD6-B1CC8B0A7B62}.Debug|x86.ActiveCfg = Debug|Win32
		{1FEF7D87-3800-4B9B-8FD6-B1CC8B0A7B62}.Debug|x86.Build.0 = Debug|Win32
		{1FEF7D87-3800-4B9B-8FD6-B1CC8B0A7B62}.Release|x64.ActiveCfg = Release|x64
		{1FEF7D87-3800-4B9B-8FD6-B1CC8B0A7B62}.Release|x64.Build.0 = Release|x64
		{1FEF7D87-3800-4B9B-8FD6-B1CC8B0A7B62}.Release|x86.ActiveCfg = Release|Win32
		{1FEF7D87-3800-4B9B-8FD6-B1CC8B0A7B62}.Release|x86.Build.0 = Release|Win32
		{17235609-422C-4602-87C0-C17A1A729487}.Debug|x64.ActiveCfg = Debug|x64
		{17235609-422C-4602-87C0-C17A1A729487}.Debug|x64.Build.0 = Debug|x64
		{17235609-422C-4602-87C0-C17A1A729487}.Debug|x86.ActiveCfg = Debug|Win32
		{17235609-422C-4602-87C0-C17A1A729487}.Debug|x86.Build.0 = Debug|Win32
		{17235609-422C-4602-87C0-C17A1A729487}.Release|x64.ActiveCfg = Release|x64
		{17235609-422C-4602-87C0-C17A1A729487}.Release|x64.Build.0 = Release|x64
		{17235609-422C-4602-87C0-C17A1A729487}.Release|x86.ActiveCfg = Release|Win32
		{17235609-422C-4602-87C0-C17A1A729487}.Release|x86.Build.0 = Release|Win32
		{B984500B-9EE2-42EB-99FE-E03803F72825}.Debug|x64.ActiveCfg = Debug|x64
		{B984500B-9EE2-42EB-99FE-E03803F72825}.Debug|x64.Build.0 = Debug|x64
		{B984500B-9EE2-42EB-99FE-E03803F72825}.Debug|x86.ActiveCfg = Debug|Win32
		{B984500B-9EE2-42EB-99FE-E03803F72825}.Debug|x86.Build.0 = Debug|Win32
		{B984500B-9EE2-42EB-99FE-E03803F72825}.Release|x64.ActiveCfg = Release|x64
		{B984500B-9EE2-42EB-99FE-E03803F72825}.Release|x64.Build.0 = Release|x64
		{B984500B-9EE2-42EB-99FE-E03803F72825}.Release|x86.ActiveCfg = Release|Win32
		{B984500B-9EE2-42EB-99FE-E03803F72825}.Release|x86.Build.0 = Release|Win32
		{D56B8357-428D-4789-ACBB-6E42FAE5BEC1}.Debug|x64.ActiveCfg = Debug|x64
		{D56B8357-428D-4789-ACBB-6E42FAE5BEC1}.Debug|x64.Build.0 = Debug|x64
		{D56B8357-428D-4789-ACBB-6E42FAE5BEC1}.Debug|x86.ActiveCfg = Debug|Win32
		{D56B8357-428D-4789-ACBB-6E42FAE5BEC1}.Debug|x86.Build.0 = Debug|Win32
		{D56B8357-428D-4789-ACBB-6E42FAE5BEC1}.Release|x64.ActiveCfg = Release|x64
		{D56B8357-428D-4789-ACBB-6E42FAE5BEC1}.Release|x64.Build.0 = Release|x64
		{D56B8357-428D-4789-ACBB-6E42FAE5BEC1}.Release|x86.ActiveCfg = Release|Win32
		{D56B8357-428D-4789-ACBB-6E42FAE5BEC1}.Release|x86.Build.0 = Release|Win32
		{3F47E737-0AB9-4FB1-B8BF-50C60C188620}.Debug|x64.ActiveCfg = Debug|x64
		{3F47E737-0AB9-4FB1-B8BF-50C60C188620}.Debug|x64.Build.0 = Debug|x64
		{3F47E737-0AB9-4FB1-B8BF-50C60C188620}.Debug|x86.ActiveCfg = Debug|Win32
		{3F47E737-0AB9-4FB1-B8BF-50C60C188620}.Debug|x86.Build.0 = Debug|Win32
		{3F47E737-0AB9-4FB1-B8BF-50C60C188620}.Release|x64.ActiveCfg = Release|x64
		{3F47E737-0AB9-4FB1-B8BF-50C60C188620}.Release|x64.Build.0 = Release|x64
		{3F47E737-0AB9-4FB1-B8BF-50C60C188620}.Release|x86.ActiveCfg = Release|Win32
		{3F47E737-0AB9-4FB1-B8BF-50C60C188620}.Release|x86.Build.0 = Release|Win32
		{73BF86FB-41DB-405C-927E-B2F6737A9BF1}.Debug|x64.ActiveCfg = Debug|x64
		{73BF86FB-41DB-405C-927E-B2F6737A9BF1}.Debug|x64.Build.0 = Debug|x64
		{73BF86FB-41DB-405C-927E-B2F6737A9BF1}.Debug|x86.ActiveCfg = Debug|Win32
		{73BF86FB-41DB-405C-927E-B2F6737A9BF1}.Debug|x86.Build.0 = Debug|Win32
		{73BF86FB-41DB-405C-927E-B2F6737A9BF1}.Release|x64.ActiveCfg = Release|x64
		{73BF86FB-41DB-405C-927E-B2F6737A9BF1}.Release|x64.Build.0 = Release|x64
		{73BF86FB-41DB-405C-927E-B2F6737A9BF1}.Release|x86.ActiveCfg = Release|Win32
		{73BF86FB-41DB-405C-927E-B2F6737A9BF1}.Release|x86.Build.0 = Release|Win32
		{4E60B02F-6EF6-4EA9-BD60-321AF9AB5C10}.Debug|x64.ActiveCfg = Debug|x64
		{4E60B02F-6EF6-4EA9-BD60-321AF9AB5C10}.Debug|x64.Build.0 = Debug|x64
		{4E60B02F-6EF6-4EA9-BD60-321AF9AB5C10}.Debug|x86.ActiveCfg = Debug|Win32
		{4E60B02F-6EF6-4EA9-BD60-321AF9AB5C10}.Debug|x86.Build.0 = Debug|Win32
		{4E60B02F-6EF6-4EA9-BD60-321AF9AB5C10}.Release|x64.ActiveCfg = Release|x64
		{4E60B02F-6EF6-4EA9-BD60-321AF9AB5C10}.Release|x64.Build.0 = Release|x64
		{4E60B02F-6EF6-4EA9-BD60-321AF9AB5C10}.Release|x86.ActiveCfg = Release|Win32
		{4E60B02F-6EF6-4EA9-BD60-321AF9AB5C10}.Release|x86.Build.0 = Release|Win32
		{134F8EC1-508E-4C94-9674-D6B9541D387A}.Debug|x64.ActiveCfg = Debug|x64
		{134F8EC1-508E-4C94-9674-D6B9541D387A}.Debug|x64.Build.0 = Debug|x64
		{134F8EC1-508E-4C94-9674-D6B9541D387A}.Debug|x86.ActiveCfg = Debug|Win32
		{134F8EC1-508E-4C94-9674-D6B9541D387A}.Debug|x86.Build.0 = Debug|Win32
		{134F8EC1-508E-4C94-9674-D6B9541D387A}.Release|x64.ActiveCfg = Release|x64
		{134F8EC1-508E-4C94-9674-D6B9541D387A}.Release|x64.Build.0 = Release|x64
		{134F8EC1-508E-4C94-9674-D6B9541D387A}.Release|x86.ActiveCfg = Release|Win32
		{134F8EC1-508E-4C94-9674-D6B9541D387A}.Release|x86.Build.0 = Release|Win32
		{D1742974-008D-4184-B895-DB5C4E89DEAC}.Debug|x64.ActiveCfg = Debug|x64
		{D1742974-008D-4184-B895-DB5C4E89DEAC}.Debug|x64.Build.0 = Debug|x64
		{D1742974-008D-4184-B895-DB5C4E89DEAC}.Debug|x86.ActiveCfg = Debug|Win32
		{D1742974-008D-4184-B895-DB5C4E89DEAC}.Debug|x86.Build.0 = Debug|Win32
		{D1742974-008D-4184-B895-DB5C4E89DEAC}.Release|x64.ActiveCfg = Release|x64
		{D1742974-008D-4184-B895-DB5C4E89DEAC}.Release|x64.Build.0 = Release|x64
		{D1742974-008D-4184-B895-DB5C4E89DEAC}.Release|x86.ActiveCfg = Release|Win32
		{D1742974-008D-4184-B895-DB5C4E89DEAC}.Release|x86.Build.0 = Release|Win32
		{F8276CF0-9E22-405D-B1AD-1C74D55C5897}.Debug|x64.ActiveCfg = Debug|x64
		{F8276CF0-9E22-405D-B1AD-1C74D55C5897}.Debug|x64.Build.0 = Debug|x64
		{F8276CF0-9E22-405D-B1AD-1C74D55C5897}.Debug|x86.ActiveCfg = Debug|Win32
		{F8276CF0-9E22-405D-B1AD-1C74D55C5897}.Debug|x86.Build.0 = Debug|Win32
		{F8276CF0-9E22-405D-B1AD-1C74D55C5897}.Release|x64.ActiveCfg = Release|x64
		{F8276CF0-9E22-405D-B1AD-1C74D55C5897}.Release|x64.Build.0 = Release|x64
		{F8276CF0-9E22-405D-B1AD-1C74D55C5897}.Release|x86.ActiveCfg = Release|Win32
		{F8276CF0-9E22-405D-B1AD-1C74D55C5897}.Release|x86.Build.0 = Release|Win32
		{5F8E9802-900A-47B2-A4C6-6E2AAA291827}.Debug|x64.ActiveCfg = Debug|x64
		{5F8E9802-900A-47B2-A4C6-6E2AAA291827}.Debug|x64.Build.0 = Debug|x64
		{5F8E9802-900A-47B2-A4C6-6E2AAA291827}.Debug|x86.ActiveCfg = Debug|Win32
		{5F8E9802-900A-47B2-A4C6-6E2AAA291827}.Debug|x86.Build.0 = Debug|Win32
		{5F8E9802-900A-47B2-A4C6-6E2AAA291827}.Release|x64.ActiveCfg = Release|x64
		{5F8E9802-900A-47B2-A4C6-6E2AAA291827}.Release|x64.Build.0 = Release|x64
		{5F8E9802-900A-47B2-A4C6-6E2AAA291827}.Release|x86.ActiveCfg = Release|Win32
		{5F8E9802-900A-47B2-A4C6-6E2AAA291827}.Release|x86.Build.0 = Release|Win32
	EndGlobalSection
	GlobalSection(SolutionProperties) = preSolution
		HideSolutionNode = FALSE
	EndGlobalSection
	GlobalSection(ExtensibilityGlobals) = postSolution
		SolutionGuid = {A3D42CDF-52DC-41C6-8C7C-FF2451E99C08}
	EndGlobalSection
EndGlobal
