
Microsoft Visual Studio Solution File, Format Version 12.00
# Visual Studio Version 17
VisualStudioVersion = 17.10.35122.118
MinimumVisualStudioVersion = 10.0.40219.1
Project("{8BC9CEB8-8B4A-11D0-8D11-00A0C91BC942}") = "voxels", "voxels\voxels.vcxproj", "{8D4842FA-C059-4F5F-AE33-1E35F53BDB25}"
EndProject
Project("{8BC9CEB8-8B4A-11D0-8D11-00A0C91BC942}") = "pixels", "pixels\pixels.vcxproj", "{F218F667-B3BA-4E1E-A07C-6FE9119791C7}"
EndProject
Project("{8BC9CEB8-8B4A-11D0-8D11-00A0C91BC942}") = "fruit_ninja", "fruit_ninja\fruit_ninja.vcxproj", "{D1F28438-6335-4147-80B5-D8CC208D94AA}"
EndProject
Project("{8BC9CEB8-8B4A-11D0-8D11-00A0C91BC942}") = "a_star_nav", "a_star_nav\a_star_nav.vcxproj", "{D25C9837-5A80-493C-805F-B218A0649DC0}"
EndProject
Project("{8BC9CEB8-8B4A-11D0-8D11-00A0C91BC942}") = "terraria_clone", "terraria_clone\terraria_clone.vcxproj", "{A9423443-997B-4A68-B79D-D3ABA4EBF3F2}"
EndProject
Project("{8BC9CEB8-8B4A-11D0-8D11-00A0C91BC942}") = "rigid_bodies", "rigid_bodies\rigid_bodies.vcxproj", "{C657A84B-74FF-4C94-8DE0-9C821A35F46F}"
EndProject
Project("{8BC9CEB8-8B4A-11D0-8D11-00A0C91BC942}") = "testing", "testing\testing.vcxproj", "{ABF008F1-BF34-494F-B85B-8EA15F08ECC3}"
EndProject
Project("{8BC9CEB8-8B4A-11D0-8D11-00A0C91BC942}") = "cad", "cad\cad.vcxproj", "{A0305168-F75A-444E-B442-5A3F04A798E6}"
EndProject
Project("{8BC9CEB8-8B4A-11D0-8D11-00A0C91BC942}") = "procedural_audio", "procedural_audio\procedural_audio.vcxproj", "{A1694FF2-93CA-4BDE-B6BE-E7292BA816A1}"
EndProject
Project("{8BC9CEB8-8B4A-11D0-8D11-00A0C91BC942}") = "raycasting", "raycasting\raycasting.vcxproj", "{9108DB91-7166-4A96-92ED-195B87A9C28C}"
EndProject
Project("{8BC9CEB8-8B4A-11D0-8D11-00A0C91BC942}") = "shaders", "shaders\shaders.vcxproj", "{9A2AE462-9A36-4DA9-AF16-0A29D279CE39}"
EndProject
Project("{8BC9CEB8-8B4A-11D0-8D11-00A0C91BC942}") = "clock", "clock\clock.vcxproj", "{568956BF-94D6-4842-9402-9CF4D487FAB4}"
EndProject
Project("{8BC9CEB8-8B4A-11D0-8D11-00A0C91BC942}") = "wordle", "wordle\wordle.vcxproj", "{D15D3205-8F2F-4F66-B1E4-0FFBD73C4F5C}"
EndProject
Project("{8BC9CEB8-8B4A-11D0-8D11-00A0C91BC942}") = "jelly_car_clone", "jelly_car_clone\jelly_car_clone.vcxproj", "{76C96CB8-D0DA-48CA-AC21-EB0AC9A42B4B}"
EndProject
Project("{8BC9CEB8-8B4A-11D0-8D11-00A0C91BC942}") = "eulerian_fluid", "eulerian_fluid\eulerian_fluid.vcxproj", "{BCFD2C26-3DC9-479A-AB79-A7307BD25BEB}"
EndProject
Project("{8BC9CEB8-8B4A-11D0-8D11-00A0C91BC942}") = "sudoku", "sudoku\sudoku.vcxproj", "{E0CC66BA-D24C-4912-82FD-05632E75FA2A}"
EndProject
Global
	GlobalSection(SolutionConfigurationPlatforms) = preSolution
		Debug|x64 = Debug|x64
		Debug|x86 = Debug|x86
		Release|x64 = Release|x64
		Release|x86 = Release|x86
	EndGlobalSection
	GlobalSection(ProjectConfigurationPlatforms) = postSolution
		{8D4842FA-C059-4F5F-AE33-1E35F53BDB25}.Debug|x64.ActiveCfg = Debug|x64
		{8D4842FA-C059-4F5F-AE33-1E35F53BDB25}.Debug|x64.Build.0 = Debug|x64
		{8D4842FA-C059-4F5F-AE33-1E35F53BDB25}.Debug|x86.ActiveCfg = Debug|Win32
		{8D4842FA-C059-4F5F-AE33-1E35F53BDB25}.Debug|x86.Build.0 = Debug|Win32
		{8D4842FA-C059-4F5F-AE33-1E35F53BDB25}.Release|x64.ActiveCfg = Release|x64
		{8D4842FA-C059-4F5F-AE33-1E35F53BDB25}.Release|x64.Build.0 = Release|x64
		{8D4842FA-C059-4F5F-AE33-1E35F53BDB25}.Release|x86.ActiveCfg = Release|Win32
		{8D4842FA-C059-4F5F-AE33-1E35F53BDB25}.Release|x86.Build.0 = Release|Win32
		{F218F667-B3BA-4E1E-A07C-6FE9119791C7}.Debug|x64.ActiveCfg = Debug|x64
		{F218F667-B3BA-4E1E-A07C-6FE9119791C7}.Debug|x64.Build.0 = Debug|x64
		{F218F667-B3BA-4E1E-A07C-6FE9119791C7}.Debug|x86.ActiveCfg = Debug|Win32
		{F218F667-B3BA-4E1E-A07C-6FE9119791C7}.Debug|x86.Build.0 = Debug|Win32
		{F218F667-B3BA-4E1E-A07C-6FE9119791C7}.Release|x64.ActiveCfg = Release|x64
		{F218F667-B3BA-4E1E-A07C-6FE9119791C7}.Release|x64.Build.0 = Release|x64
		{F218F667-B3BA-4E1E-A07C-6FE9119791C7}.Release|x86.ActiveCfg = Release|Win32
		{F218F667-B3BA-4E1E-A07C-6FE9119791C7}.Release|x86.Build.0 = Release|Win32
		{D1F28438-6335-4147-80B5-D8CC208D94AA}.Debug|x64.ActiveCfg = Debug|x64
		{D1F28438-6335-4147-80B5-D8CC208D94AA}.Debug|x64.Build.0 = Debug|x64
		{D1F28438-6335-4147-80B5-D8CC208D94AA}.Debug|x86.ActiveCfg = Debug|Win32
		{D1F28438-6335-4147-80B5-D8CC208D94AA}.Debug|x86.Build.0 = Debug|Win32
		{D1F28438-6335-4147-80B5-D8CC208D94AA}.Release|x64.ActiveCfg = Release|x64
		{D1F28438-6335-4147-80B5-D8CC208D94AA}.Release|x64.Build.0 = Release|x64
		{D1F28438-6335-4147-80B5-D8CC208D94AA}.Release|x86.ActiveCfg = Release|Win32
		{D1F28438-6335-4147-80B5-D8CC208D94AA}.Release|x86.Build.0 = Release|Win32
		{D25C9837-5A80-493C-805F-B218A0649DC0}.Debug|x64.ActiveCfg = Debug|x64
		{D25C9837-5A80-493C-805F-B218A0649DC0}.Debug|x64.Build.0 = Debug|x64
		{D25C9837-5A80-493C-805F-B218A0649DC0}.Debug|x86.ActiveCfg = Debug|Win32
		{D25C9837-5A80-493C-805F-B218A0649DC0}.Debug|x86.Build.0 = Debug|Win32
		{D25C9837-5A80-493C-805F-B218A0649DC0}.Release|x64.ActiveCfg = Release|x64
		{D25C9837-5A80-493C-805F-B218A0649DC0}.Release|x64.Build.0 = Release|x64
		{D25C9837-5A80-493C-805F-B218A0649DC0}.Release|x86.ActiveCfg = Release|Win32
		{D25C9837-5A80-493C-805F-B218A0649DC0}.Release|x86.Build.0 = Release|Win32
		{A9423443-997B-4A68-B79D-D3ABA4EBF3F2}.Debug|x64.ActiveCfg = Debug|x64
		{A9423443-997B-4A68-B79D-D3ABA4EBF3F2}.Debug|x64.Build.0 = Debug|x64
		{A9423443-997B-4A68-B79D-D3ABA4EBF3F2}.Debug|x86.ActiveCfg = Debug|Win32
		{A9423443-997B-4A68-B79D-D3ABA4EBF3F2}.Debug|x86.Build.0 = Debug|Win32
		{A9423443-997B-4A68-B79D-D3ABA4EBF3F2}.Release|x64.ActiveCfg = Release|x64
		{A9423443-997B-4A68-B79D-D3ABA4EBF3F2}.Release|x64.Build.0 = Release|x64
		{A9423443-997B-4A68-B79D-D3ABA4EBF3F2}.Release|x86.ActiveCfg = Release|Win32
		{A9423443-997B-4A68-B79D-D3ABA4EBF3F2}.Release|x86.Build.0 = Release|Win32
		{C657A84B-74FF-4C94-8DE0-9C821A35F46F}.Debug|x64.ActiveCfg = Debug|x64
		{C657A84B-74FF-4C94-8DE0-9C821A35F46F}.Debug|x64.Build.0 = Debug|x64
		{C657A84B-74FF-4C94-8DE0-9C821A35F46F}.Debug|x86.ActiveCfg = Debug|Win32
		{C657A84B-74FF-4C94-8DE0-9C821A35F46F}.Debug|x86.Build.0 = Debug|Win32
		{C657A84B-74FF-4C94-8DE0-9C821A35F46F}.Release|x64.ActiveCfg = Release|x64
		{C657A84B-74FF-4C94-8DE0-9C821A35F46F}.Release|x64.Build.0 = Release|x64
		{C657A84B-74FF-4C94-8DE0-9C821A35F46F}.Release|x86.ActiveCfg = Release|Win32
		{C657A84B-74FF-4C94-8DE0-9C821A35F46F}.Release|x86.Build.0 = Release|Win32
		{ABF008F1-BF34-494F-B85B-8EA15F08ECC3}.Debug|x64.ActiveCfg = Debug|x64
		{ABF008F1-BF34-494F-B85B-8EA15F08ECC3}.Debug|x64.Build.0 = Debug|x64
		{ABF008F1-BF34-494F-B85B-8EA15F08ECC3}.Debug|x86.ActiveCfg = Debug|Win32
		{ABF008F1-BF34-494F-B85B-8EA15F08ECC3}.Debug|x86.Build.0 = Debug|Win32
		{ABF008F1-BF34-494F-B85B-8EA15F08ECC3}.Release|x64.ActiveCfg = Release|x64
		{ABF008F1-BF34-494F-B85B-8EA15F08ECC3}.Release|x64.Build.0 = Release|x64
		{ABF008F1-BF34-494F-B85B-8EA15F08ECC3}.Release|x86.ActiveCfg = Release|Win32
		{ABF008F1-BF34-494F-B85B-8EA15F08ECC3}.Release|x86.Build.0 = Release|Win32
		{A0305168-F75A-444E-B442-5A3F04A798E6}.Debug|x64.ActiveCfg = Debug|x64
		{A0305168-F75A-444E-B442-5A3F04A798E6}.Debug|x64.Build.0 = Debug|x64
		{A0305168-F75A-444E-B442-5A3F04A798E6}.Debug|x86.ActiveCfg = Debug|Win32
		{A0305168-F75A-444E-B442-5A3F04A798E6}.Debug|x86.Build.0 = Debug|Win32
		{A0305168-F75A-444E-B442-5A3F04A798E6}.Release|x64.ActiveCfg = Release|x64
		{A0305168-F75A-444E-B442-5A3F04A798E6}.Release|x64.Build.0 = Release|x64
		{A0305168-F75A-444E-B442-5A3F04A798E6}.Release|x86.ActiveCfg = Release|Win32
		{A0305168-F75A-444E-B442-5A3F04A798E6}.Release|x86.Build.0 = Release|Win32
		{A1694FF2-93CA-4BDE-B6BE-E7292BA816A1}.Debug|x64.ActiveCfg = Debug|x64
		{A1694FF2-93CA-4BDE-B6BE-E7292BA816A1}.Debug|x64.Build.0 = Debug|x64
		{A1694FF2-93CA-4BDE-B6BE-E7292BA816A1}.Debug|x86.ActiveCfg = Debug|Win32
		{A1694FF2-93CA-4BDE-B6BE-E7292BA816A1}.Debug|x86.Build.0 = Debug|Win32
		{A1694FF2-93CA-4BDE-B6BE-E7292BA816A1}.Release|x64.ActiveCfg = Release|x64
		{A1694FF2-93CA-4BDE-B6BE-E7292BA816A1}.Release|x64.Build.0 = Release|x64
		{A1694FF2-93CA-4BDE-B6BE-E7292BA816A1}.Release|x86.ActiveCfg = Release|Win32
		{A1694FF2-93CA-4BDE-B6BE-E7292BA816A1}.Release|x86.Build.0 = Release|Win32
		{9108DB91-7166-4A96-92ED-195B87A9C28C}.Debug|x64.ActiveCfg = Debug|x64
		{9108DB91-7166-4A96-92ED-195B87A9C28C}.Debug|x64.Build.0 = Debug|x64
		{9108DB91-7166-4A96-92ED-195B87A9C28C}.Debug|x86.ActiveCfg = Debug|Win32
		{9108DB91-7166-4A96-92ED-195B87A9C28C}.Debug|x86.Build.0 = Debug|Win32
		{9108DB91-7166-4A96-92ED-195B87A9C28C}.Release|x64.ActiveCfg = Release|x64
		{9108DB91-7166-4A96-92ED-195B87A9C28C}.Release|x64.Build.0 = Release|x64
		{9108DB91-7166-4A96-92ED-195B87A9C28C}.Release|x86.ActiveCfg = Release|Win32
		{9108DB91-7166-4A96-92ED-195B87A9C28C}.Release|x86.Build.0 = Release|Win32
		{9A2AE462-9A36-4DA9-AF16-0A29D279CE39}.Debug|x64.ActiveCfg = Debug|x64
		{9A2AE462-9A36-4DA9-AF16-0A29D279CE39}.Debug|x64.Build.0 = Debug|x64
		{9A2AE462-9A36-4DA9-AF16-0A29D279CE39}.Debug|x86.ActiveCfg = Debug|Win32
		{9A2AE462-9A36-4DA9-AF16-0A29D279CE39}.Debug|x86.Build.0 = Debug|Win32
		{9A2AE462-9A36-4DA9-AF16-0A29D279CE39}.Release|x64.ActiveCfg = Release|x64
		{9A2AE462-9A36-4DA9-AF16-0A29D279CE39}.Release|x64.Build.0 = Release|x64
		{9A2AE462-9A36-4DA9-AF16-0A29D279CE39}.Release|x86.ActiveCfg = Release|Win32
		{9A2AE462-9A36-4DA9-AF16-0A29D279CE39}.Release|x86.Build.0 = Release|Win32
		{568956BF-94D6-4842-9402-9CF4D487FAB4}.Debug|x64.ActiveCfg = Debug|x64
		{568956BF-94D6-4842-9402-9CF4D487FAB4}.Debug|x64.Build.0 = Debug|x64
		{568956BF-94D6-4842-9402-9CF4D487FAB4}.Debug|x86.ActiveCfg = Debug|Win32
		{568956BF-94D6-4842-9402-9CF4D487FAB4}.Debug|x86.Build.0 = Debug|Win32
		{568956BF-94D6-4842-9402-9CF4D487FAB4}.Release|x64.ActiveCfg = Release|x64
		{568956BF-94D6-4842-9402-9CF4D487FAB4}.Release|x64.Build.0 = Release|x64
		{568956BF-94D6-4842-9402-9CF4D487FAB4}.Release|x86.ActiveCfg = Release|Win32
		{568956BF-94D6-4842-9402-9CF4D487FAB4}.Release|x86.Build.0 = Release|Win32
		{D15D3205-8F2F-4F66-B1E4-0FFBD73C4F5C}.Debug|x64.ActiveCfg = Debug|x64
		{D15D3205-8F2F-4F66-B1E4-0FFBD73C4F5C}.Debug|x64.Build.0 = Debug|x64
		{D15D3205-8F2F-4F66-B1E4-0FFBD73C4F5C}.Debug|x86.ActiveCfg = Debug|Win32
		{D15D3205-8F2F-4F66-B1E4-0FFBD73C4F5C}.Debug|x86.Build.0 = Debug|Win32
		{D15D3205-8F2F-4F66-B1E4-0FFBD73C4F5C}.Release|x64.ActiveCfg = Release|x64
		{D15D3205-8F2F-4F66-B1E4-0FFBD73C4F5C}.Release|x64.Build.0 = Release|x64
		{D15D3205-8F2F-4F66-B1E4-0FFBD73C4F5C}.Release|x86.ActiveCfg = Release|Win32
		{D15D3205-8F2F-4F66-B1E4-0FFBD73C4F5C}.Release|x86.Build.0 = Release|Win32
		{76C96CB8-D0DA-48CA-AC21-EB0AC9A42B4B}.Debug|x64.ActiveCfg = Debug|x64
		{76C96CB8-D0DA-48CA-AC21-EB0AC9A42B4B}.Debug|x64.Build.0 = Debug|x64
		{76C96CB8-D0DA-48CA-AC21-EB0AC9A42B4B}.Debug|x86.ActiveCfg = Debug|Win32
		{76C96CB8-D0DA-48CA-AC21-EB0AC9A42B4B}.Debug|x86.Build.0 = Debug|Win32
		{76C96CB8-D0DA-48CA-AC21-EB0AC9A42B4B}.Release|x64.ActiveCfg = Release|x64
		{76C96CB8-D0DA-48CA-AC21-EB0AC9A42B4B}.Release|x64.Build.0 = Release|x64
		{76C96CB8-D0DA-48CA-AC21-EB0AC9A42B4B}.Release|x86.ActiveCfg = Release|Win32
		{76C96CB8-D0DA-48CA-AC21-EB0AC9A42B4B}.Release|x86.Build.0 = Release|Win32
		{BCFD2C26-3DC9-479A-AB79-A7307BD25BEB}.Debug|x64.ActiveCfg = Debug|x64
		{BCFD2C26-3DC9-479A-AB79-A7307BD25BEB}.Debug|x64.Build.0 = Debug|x64
		{BCFD2C26-3DC9-479A-AB79-A7307BD25BEB}.Debug|x86.ActiveCfg = Debug|Win32
		{BCFD2C26-3DC9-479A-AB79-A7307BD25BEB}.Debug|x86.Build.0 = Debug|Win32
		{BCFD2C26-3DC9-479A-AB79-A7307BD25BEB}.Release|x64.ActiveCfg = Release|x64
		{BCFD2C26-3DC9-479A-AB79-A7307BD25BEB}.Release|x64.Build.0 = Release|x64
		{BCFD2C26-3DC9-479A-AB79-A7307BD25BEB}.Release|x86.ActiveCfg = Release|Win32
		{BCFD2C26-3DC9-479A-AB79-A7307BD25BEB}.Release|x86.Build.0 = Release|Win32
		{E0CC66BA-D24C-4912-82FD-05632E75FA2A}.Debug|x64.ActiveCfg = Debug|x64
		{E0CC66BA-D24C-4912-82FD-05632E75FA2A}.Debug|x64.Build.0 = Debug|x64
		{E0CC66BA-D24C-4912-82FD-05632E75FA2A}.Debug|x86.ActiveCfg = Debug|Win32
		{E0CC66BA-D24C-4912-82FD-05632E75FA2A}.Debug|x86.Build.0 = Debug|Win32
		{E0CC66BA-D24C-4912-82FD-05632E75FA2A}.Release|x64.ActiveCfg = Release|x64
		{E0CC66BA-D24C-4912-82FD-05632E75FA2A}.Release|x64.Build.0 = Release|x64
		{E0CC66BA-D24C-4912-82FD-05632E75FA2A}.Release|x86.ActiveCfg = Release|Win32
		{E0CC66BA-D24C-4912-82FD-05632E75FA2A}.Release|x86.Build.0 = Release|Win32
	EndGlobalSection
	GlobalSection(SolutionProperties) = preSolution
		HideSolutionNode = FALSE
	EndGlobalSection
	GlobalSection(ExtensibilityGlobals) = postSolution
		SolutionGuid = {A3D42CDF-52DC-41C6-8C7C-FF2451E99C08}
	EndGlobalSection
EndGlobal
