<?xml version="1.0" encoding="utf-8"?>
<Project ToolsVersion="4.0" xmlns="http://schemas.microsoft.com/developer/msbuild/2003">
  <ItemGroup>
    <Filter Include="Source Files">
      <UniqueIdentifier>{4FC737F1-C7A5-4376-A066-2A32D752A2FF}</UniqueIdentifier>
      <Extensions>cpp;c;cc;cxx;c++;cppm;ixx;def;odl;idl;hpj;bat;asm;asmx</Extensions>
    </Filter>
    <Filter Include="Header Files">
      <UniqueIdentifier>{93995380-89BD-4b04-88EB-625FBE52EBFB}</UniqueIdentifier>
      <Extensions>h;hh;hpp;hxx;h++;hm;inl;inc;ipp;xsd</Extensions>
    </Filter>
    <Filter Include="Resource Files">
      <UniqueIdentifier>{67DA6AB6-F800-4c08-8B7A-83BB121AAD01}</UniqueIdentifier>
      <Extensions>rc;ico;cur;bmp;dlg;rc2;rct;bin;rgs;gif;jpg;jpeg;jpe;resx;tiff;tif;png;wav;mfcribbon-ms</Extensions>
    </Filter>
  </ItemGroup>
  <ItemGroup>
    <ClInclude Include="src\demo.h">
      <Filter>Header Files</Filter>
    </ClInclude>
    <ClInclude Include="src\shd.glsl.h">
      <Filter>Header Files</Filter>
    </ClInclude>
    <ClInclude Include="src\texture_utils.h">
      <Filter>Header Files</Filter>
    </ClInclude>
    <ClInclude Include="src\shape.h">
      <Filter>Header Files</Filter>
    </ClInclude>
    <ClInclude Include="src\linemesh.h">
      <Filter>Header Files</Filter>
    </ClInclude>
    <ClInclude Include="src\mesh.h">
      <Filter>Header Files</Filter>
    </ClInclude>
    <ClInclude Include="src\return_code.h">
      <Filter>Header Files</Filter>
    </ClInclude>
    <ClInclude Include="src\font.h">
      <Filter>Header Files</Filter>
    </ClInclude>
  </ItemGroup>
  <ItemGroup>
    <ClCompile Include="src\main.cpp">
      <Filter>Source Files</Filter>
    </ClCompile>
  </ItemGroup>
  <ItemGroup>
    <None Include="src\shd.glsl" />
    <None Include="compile_shaders.bat">
      <Filter>Source Files</Filter>
    </None>
  </ItemGroup>
  <ItemGroup>
    <Text Include="assets\models\bunny.txt" />
    <Text Include="assets\models\cow.txt" />
    <Text Include="assets\models\dragon.txt" />
    <Text Include="assets\models\horse.txt" />
    <Text Include="assets\models\monkey.txt" />
    <Text Include="assets\icosphere.txt" />
    <Text Include="assets\models\axis.txt" />
  </ItemGroup>
  <ItemGroup>
    <Image Include="assets\img\checker.png">
      <Filter>Resource Files</Filter>
    </Image>
    <Image Include="assets\img\skybox\pz.png">
      <Filter>Resource Files</Filter>
    </Image>
    <Image Include="assets\img\skybox\nx.png">
      <Filter>Resource Files</Filter>
    </Image>
    <Image Include="assets\img\skybox\ny.png">
      <Filter>Resource Files</Filter>
    </Image>
    <Image Include="assets\img\skybox\nz.png">
      <Filter>Resource Files</Filter>
    </Image>
    <Image Include="assets\img\skybox\px.png">
      <Filter>Resource Files</Filter>
    </Image>
    <Image Include="assets\img\skybox\py.png">
      <Filter>Resource Files</Filter>
    </Image>
    <Image Include="assets\img\font\round_6x6.png">
      <Filter>Resource Files</Filter>
    </Image>
    <Image Include="assets\img\font\fancy_8x16.png">
      <Filter>Resource Files</Filter>
    </Image>
    <Image Include="assets\img\font\monogram_6x9.png">
      <Filter>Resource Files</Filter>
    </Image>
  </ItemGroup>
</Project>